
Microsoft Visual Studio Solution File, Format Version 11.00
# Visual Studio 2010
Project("{FAE04EC0-301F-11D3-BF4B-00C04F79EFBC}") = "StandupService", "StandupService\StandupService.csproj", "{9B8B9DA9-A8A7-411E-9EA2-7C56E250C8EC}"
EndProject
Global
	GlobalSection(SolutionConfigurationPlatforms) = preSolution
		Debug|x86 = Debug|x86
		Release|x86 = Release|x86
	EndGlobalSection
	GlobalSection(ProjectConfigurationPlatforms) = postSolution
		{9B8B9DA9-A8A7-411E-9EA2-7C56E250C8EC}.Debug|x86.ActiveCfg = Debug|x86
		{9B8B9DA9-A8A7-411E-9EA2-7C56E250C8EC}.Debug|x86.Build.0 = Debug|x86
		{9B8B9DA9-A8A7-411E-9EA2-7C56E250C8EC}.Release|x86.ActiveCfg = Release|x86
		{9B8B9DA9-A8A7-411E-9EA2-7C56E250C8EC}.Release|x86.Build.0 = Release|x86
	EndGlobalSection
	GlobalSection(SolutionProperties) = preSolution
		HideSolutionNode = FALSE
	EndGlobalSection
EndGlobal
